
Microsoft Visual Studio Solution File, Format Version 12.00
# Visual Studio Version 17
VisualStudioVersion = 17.14.36121.58
MinimumVisualStudioVersion = 10.0.40219.1
Project("{FAE04EC0-301F-11D3-BF4B-00C04F79EFBC}") = "Chapter01", "Chapter01\Chapter01.csproj", "{200D5DC4-A876-4452-9EB4-E95E9A16D127}"
EndProject
Project("{FAE04EC0-301F-11D3-BF4B-00C04F79EFBC}") = "Chapter02", "Chapter02\Chapter02.csproj", "{F8FB279C-AE15-43D2-987A-A1750F78862F}"
EndProject
Project("{FAE04EC0-301F-11D3-BF4B-00C04F79EFBC}") = "Chapter03", "Chapter03\Chapter03.csproj", "{31FF3651-C1AF-4672-9291-CBBC696E9CFA}"
EndProject
Project("{FAE04EC0-301F-11D3-BF4B-00C04F79EFBC}") = "Chapter04", "Chapter04\Chapter04.csproj", "{76DC62F7-9108-48E6-A941-B70B12714165}"
EndProject
Project("{FAE04EC0-301F-11D3-BF4B-00C04F79EFBC}") = "Chapter05", "Chapter05\Chapter05.csproj", "{2DAB3074-0CDB-48D4-8483-DA590C0EE0D0}"
EndProject
Project("{FAE04EC0-301F-11D3-BF4B-00C04F79EFBC}") = "Chapter06", "Chapter06\Chapter06.csproj", "{660C44C4-BA97-45C6-8706-2EC895D82B6B}"
EndProject
Project("{FAE04EC0-301F-11D3-BF4B-00C04F79EFBC}") = "Chapter07", "Chapter07\Chapter07.csproj", "{5A934901-1C05-43EE-99CB-842699DA45EB}"
EndProject
Project("{FAE04EC0-301F-11D3-BF4B-00C04F79EFBC}") = "Chapter08", "Chapter08\Chapter08.csproj", "{CE7352E0-E665-44BB-A014-05B242066538}"
EndProject
Project("{FAE04EC0-301F-11D3-BF4B-00C04F79EFBC}") = "Chapter09_Wpf", "Chapter09_Wpf\Chapter09_Wpf.csproj", "{DA9A6BB5-1393-4B82-B734-4DC9E3FC50EC}"
EndProject
Project("{FAE04EC0-301F-11D3-BF4B-00C04F79EFBC}") = "Chapter10", "Chapter10\Chapter10.csproj", "{8092B788-62C3-445F-A18E-D7A3D4193D8A}"
EndProject
Project("{FAE04EC0-301F-11D3-BF4B-00C04F79EFBC}") = "Chapter11", "Chapter11\Chapter11.csproj", "{F28130D5-3ED5-4BF5-8A4D-53DF72D7D051}"
EndProject
Project("{FAE04EC0-301F-11D3-BF4B-00C04F79EFBC}") = "Chapter12", "Chapter12\Chapter12.csproj", "{A09B7EED-1EB9-47FB-9D90-51FBA2156F52}"
EndProject
Project("{FAE04EC0-301F-11D3-BF4B-00C04F79EFBC}") = "Chapter13", "Chapter13\Chapter13.csproj", "{E1BC02B0-5226-4471-952A-E280348C1AFE}"
EndProject
Project("{FAE04EC0-301F-11D3-BF4B-00C04F79EFBC}") = "Chapter13.MUserControl", "Chapter13.MUserControl\Chapter13.MUserControl.csproj", "{F939589B-9EB8-4503-8969-6AF9B01C9548}"
EndProject
Project("{FAE04EC0-301F-11D3-BF4B-00C04F79EFBC}") = "Chapter14", "Chapter14\Chapter14.csproj", "{DE27ADF7-69C5-458C-A8F8-5E4CBDD96462}"
EndProject
Project("{FAE04EC0-301F-11D3-BF4B-00C04F79EFBC}") = "Chapter15", "Chapter15\Chapter15.csproj", "{EEFBE1A7-602C-4A4B-BA8A-C0715E3B42E3}"
EndProject
Project("{FAE04EC0-301F-11D3-BF4B-00C04F79EFBC}") = "Chapter16", "Chapter16\Chapter16.csproj", "{9EE9D509-D81A-47AF-A5AB-DCD9D79F4BF9}"
EndProject
Project("{FAE04EC0-301F-11D3-BF4B-00C04F79EFBC}") = "Chapter17", "Chapter17\Chapter17.csproj", "{C10AA01B-06A9-4623-BB07-CF1AF3CD6E3E}"
EndProject
Global
	GlobalSection(SolutionConfigurationPlatforms) = preSolution
		Debug|Any CPU = Debug|Any CPU
		Release|Any CPU = Release|Any CPU
	EndGlobalSection
	GlobalSection(ProjectConfigurationPlatforms) = postSolution
		{200D5DC4-A876-4452-9EB4-E95E9A16D127}.Debug|Any CPU.ActiveCfg = Debug|Any CPU
		{200D5DC4-A876-4452-9EB4-E95E9A16D127}.Debug|Any CPU.Build.0 = Debug|Any CPU
		{200D5DC4-A876-4452-9EB4-E95E9A16D127}.Release|Any CPU.ActiveCfg = Release|Any CPU
		{200D5DC4-A876-4452-9EB4-E95E9A16D127}.Release|Any CPU.Build.0 = Release|Any CPU
		{F8FB279C-AE15-43D2-987A-A1750F78862F}.Debug|Any CPU.ActiveCfg = Debug|Any CPU
		{F8FB279C-AE15-43D2-987A-A1750F78862F}.Debug|Any CPU.Build.0 = Debug|Any CPU
		{F8FB279C-AE15-43D2-987A-A1750F78862F}.Release|Any CPU.ActiveCfg = Release|Any CPU
		{F8FB279C-AE15-43D2-987A-A1750F78862F}.Release|Any CPU.Build.0 = Release|Any CPU
		{31FF3651-C1AF-4672-9291-CBBC696E9CFA}.Debug|Any CPU.ActiveCfg = Debug|Any CPU
		{31FF3651-C1AF-4672-9291-CBBC696E9CFA}.Debug|Any CPU.Build.0 = Debug|Any CPU
		{31FF3651-C1AF-4672-9291-CBBC696E9CFA}.Release|Any CPU.ActiveCfg = Release|Any CPU
		{31FF3651-C1AF-4672-9291-CBBC696E9CFA}.Release|Any CPU.Build.0 = Release|Any CPU
		{76DC62F7-9108-48E6-A941-B70B12714165}.Debug|Any CPU.ActiveCfg = Debug|Any CPU
		{76DC62F7-9108-48E6-A941-B70B12714165}.Debug|Any CPU.Build.0 = Debug|Any CPU
		{76DC62F7-9108-48E6-A941-B70B12714165}.Release|Any CPU.ActiveCfg = Release|Any CPU
		{76DC62F7-9108-48E6-A941-B70B12714165}.Release|Any CPU.Build.0 = Release|Any CPU
		{2DAB3074-0CDB-48D4-8483-DA590C0EE0D0}.Debug|Any CPU.ActiveCfg = Debug|Any CPU
		{2DAB3074-0CDB-48D4-8483-DA590C0EE0D0}.Debug|Any CPU.Build.0 = Debug|Any CPU
		{2DAB3074-0CDB-48D4-8483-DA590C0EE0D0}.Release|Any CPU.ActiveCfg = Release|Any CPU
		{2DAB3074-0CDB-48D4-8483-DA590C0EE0D0}.Release|Any CPU.Build.0 = Release|Any CPU
		{660C44C4-BA97-45C6-8706-2EC895D82B6B}.Debug|Any CPU.ActiveCfg = Debug|Any CPU
		{660C44C4-BA97-45C6-8706-2EC895D82B6B}.Debug|Any CPU.Build.0 = Debug|Any CPU
		{660C44C4-BA97-45C6-8706-2EC895D82B6B}.Release|Any CPU.ActiveCfg = Release|Any CPU
		{660C44C4-BA97-45C6-8706-2EC895D82B6B}.Release|Any CPU.Build.0 = Release|Any CPU
		{5A934901-1C05-43EE-99CB-842699DA45EB}.Debug|Any CPU.ActiveCfg = Debug|Any CPU
		{5A934901-1C05-43EE-99CB-842699DA45EB}.Debug|Any CPU.Build.0 = Debug|Any CPU
		{5A934901-1C05-43EE-99CB-842699DA45EB}.Release|Any CPU.ActiveCfg = Release|Any CPU
		{5A934901-1C05-43EE-99CB-842699DA45EB}.Release|Any CPU.Build.0 = Release|Any CPU
		{CE7352E0-E665-44BB-A014-05B242066538}.Debug|Any CPU.ActiveCfg = Debug|Any CPU
		{CE7352E0-E665-44BB-A014-05B242066538}.Debug|Any CPU.Build.0 = Debug|Any CPU
		{CE7352E0-E665-44BB-A014-05B242066538}.Release|Any CPU.ActiveCfg = Release|Any CPU
		{CE7352E0-E665-44BB-A014-05B242066538}.Release|Any CPU.Build.0 = Release|Any CPU
		{DA9A6BB5-1393-4B82-B734-4DC9E3FC50EC}.Debug|Any CPU.ActiveCfg = Debug|Any CPU
		{DA9A6BB5-1393-4B82-B734-4DC9E3FC50EC}.Debug|Any CPU.Build.0 = Debug|Any CPU
		{DA9A6BB5-1393-4B82-B734-4DC9E3FC50EC}.Release|Any CPU.ActiveCfg = Release|Any CPU
		{DA9A6BB5-1393-4B82-B734-4DC9E3FC50EC}.Release|Any CPU.Build.0 = Release|Any CPU
		{8092B788-62C3-445F-A18E-D7A3D4193D8A}.Debug|Any CPU.ActiveCfg = Debug|Any CPU
		{8092B788-62C3-445F-A18E-D7A3D4193D8A}.Debug|Any CPU.Build.0 = Debug|Any CPU
		{8092B788-62C3-445F-A18E-D7A3D4193D8A}.Release|Any CPU.ActiveCfg = Release|Any CPU
		{8092B788-62C3-445F-A18E-D7A3D4193D8A}.Release|Any CPU.Build.0 = Release|Any CPU
		{F28130D5-3ED5-4BF5-8A4D-53DF72D7D051}.Debug|Any CPU.ActiveCfg = Debug|Any CPU
		{F28130D5-3ED5-4BF5-8A4D-53DF72D7D051}.Debug|Any CPU.Build.0 = Debug|Any CPU
		{F28130D5-3ED5-4BF5-8A4D-53DF72D7D051}.Release|Any CPU.ActiveCfg = Release|Any CPU
		{F28130D5-3ED5-4BF5-8A4D-53DF72D7D051}.Release|Any CPU.Build.0 = Release|Any CPU
		{A09B7EED-1EB9-47FB-9D90-51FBA2156F52}.Debug|Any CPU.ActiveCfg = Debug|Any CPU
		{A09B7EED-1EB9-47FB-9D90-51FBA2156F52}.Debug|Any CPU.Build.0 = Debug|Any CPU
		{A09B7EED-1EB9-47FB-9D90-51FBA2156F52}.Release|Any CPU.ActiveCfg = Release|Any CPU
		{A09B7EED-1EB9-47FB-9D90-51FBA2156F52}.Release|Any CPU.Build.0 = Release|Any CPU
		{E1BC02B0-5226-4471-952A-E280348C1AFE}.Debug|Any CPU.ActiveCfg = Debug|Any CPU
		{E1BC02B0-5226-4471-952A-E280348C1AFE}.Debug|Any CPU.Build.0 = Debug|Any CPU
		{E1BC02B0-5226-4471-952A-E280348C1AFE}.Release|Any CPU.ActiveCfg = Release|Any CPU
		{E1BC02B0-5226-4471-952A-E280348C1AFE}.Release|Any CPU.Build.0 = Release|Any CPU
		{F939589B-9EB8-4503-8969-6AF9B01C9548}.Debug|Any CPU.ActiveCfg = Debug|Any CPU
		{F939589B-9EB8-4503-8969-6AF9B01C9548}.Debug|Any CPU.Build.0 = Debug|Any CPU
		{F939589B-9EB8-4503-8969-6AF9B01C9548}.Release|Any CPU.ActiveCfg = Release|Any CPU
		{F939589B-9EB8-4503-8969-6AF9B01C9548}.Release|Any CPU.Build.0 = Release|Any CPU
		{DE27ADF7-69C5-458C-A8F8-5E4CBDD96462}.Debug|Any CPU.ActiveCfg = Debug|Any CPU
		{DE27ADF7-69C5-458C-A8F8-5E4CBDD96462}.Debug|Any CPU.Build.0 = Debug|Any CPU
		{DE27ADF7-69C5-458C-A8F8-5E4CBDD96462}.Release|Any CPU.ActiveCfg = Release|Any CPU
		{DE27ADF7-69C5-458C-A8F8-5E4CBDD96462}.Release|Any CPU.Build.0 = Release|Any CPU
		{EEFBE1A7-602C-4A4B-BA8A-C0715E3B42E3}.Debug|Any CPU.ActiveCfg = Debug|Any CPU
		{EEFBE1A7-602C-4A4B-BA8A-C0715E3B42E3}.Debug|Any CPU.Build.0 = Debug|Any CPU
		{EEFBE1A7-602C-4A4B-BA8A-C0715E3B42E3}.Release|Any CPU.ActiveCfg = Release|Any CPU
		{EEFBE1A7-602C-4A4B-BA8A-C0715E3B42E3}.Release|Any CPU.Build.0 = Release|Any CPU
		{9EE9D509-D81A-47AF-A5AB-DCD9D79F4BF9}.Debug|Any CPU.ActiveCfg = Debug|Any CPU
		{9EE9D509-D81A-47AF-A5AB-DCD9D79F4BF9}.Debug|Any CPU.Build.0 = Debug|Any CPU
		{9EE9D509-D81A-47AF-A5AB-DCD9D79F4BF9}.Release|Any CPU.ActiveCfg = Release|Any CPU
		{9EE9D509-D81A-47AF-A5AB-DCD9D79F4BF9}.Release|Any CPU.Build.0 = Release|Any CPU
		{C10AA01B-06A9-4623-BB07-CF1AF3CD6E3E}.Debug|Any CPU.ActiveCfg = Debug|Any CPU
		{C10AA01B-06A9-4623-BB07-CF1AF3CD6E3E}.Debug|Any CPU.Build.0 = Debug|Any CPU
		{C10AA01B-06A9-4623-BB07-CF1AF3CD6E3E}.Release|Any CPU.ActiveCfg = Release|Any CPU
		{C10AA01B-06A9-4623-BB07-CF1AF3CD6E3E}.Release|Any CPU.Build.0 = Release|Any CPU
	EndGlobalSection
	GlobalSection(SolutionProperties) = preSolution
		HideSolutionNode = FALSE
	EndGlobalSection
	GlobalSection(ExtensibilityGlobals) = postSolution
		SolutionGuid = {8FBC2CFE-5085-4584-98EE-E5AA44A5E577}
	EndGlobalSection
EndGlobal
